
Microsoft Visual Studio Solution File, Format Version 12.00
# Visual Studio 15
VisualStudioVersion = 15.0.27703.2026
MinimumVisualStudioVersion = 10.0.40219.1
Project("{FAE04EC0-301F-11D3-BF4B-00C04F79EFBC}") = "testapi", "testapi\testapi.csproj", "{BEE24082-9A4E-41C4-B986-5E3D63D35CC3}"
EndProject
Global
	GlobalSection(SolutionConfigurationPlatforms) = preSolution
		Debug|Any CPU = Debug|Any CPU
		Release|Any CPU = Release|Any CPU
	EndGlobalSection
	GlobalSection(ProjectConfigurationPlatforms) = postSolution
		{BEE24082-9A4E-41C4-B986-5E3D63D35CC3}.Debug|Any CPU.ActiveCfg = Debug|Any CPU
		{BEE24082-9A4E-41C4-B986-5E3D63D35CC3}.Debug|Any CPU.Build.0 = Debug|Any CPU
		{BEE24082-9A4E-41C4-B986-5E3D63D35CC3}.Release|Any CPU.ActiveCfg = Release|Any CPU
		{BEE24082-9A4E-41C4-B986-5E3D63D35CC3}.Release|Any CPU.Build.0 = Release|Any CPU
	EndGlobalSection
	GlobalSection(SolutionProperties) = preSolution
		HideSolutionNode = FALSE
	EndGlobalSection
	GlobalSection(ExtensibilityGlobals) = postSolution
		SolutionGuid = {4BBAB91C-7938-47DE-AE49-262AF3FAE9EB}
	EndGlobalSection
EndGlobal
